
Microsoft Visual Studio Solution File, Format Version 12.00
# Visual Studio Version 17
VisualStudioVersion = 17.14.36603.0 d17.14
MinimumVisualStudioVersion = 10.0.40219.1
Project("{FAE04EC0-301F-11D3-BF4B-00C04F79EFBC}") = "Inloggningssystem", "Inloggningssystem\Inloggningssystem.csproj", "{2DDAFC86-BDAE-44E7-A249-9ABA6B786880}"
EndProject
Global
	GlobalSection(SolutionConfigurationPlatforms) = preSolution
		Debug|Any CPU = Debug|Any CPU
		Release|Any CPU = Release|Any CPU
	EndGlobalSection
	GlobalSection(ProjectConfigurationPlatforms) = postSolution
		{2DDAFC86-BDAE-44E7-A249-9ABA6B786880}.Debug|Any CPU.ActiveCfg = Debug|Any CPU
		{2DDAFC86-BDAE-44E7-A249-9ABA6B786880}.Debug|Any CPU.Build.0 = Debug|Any CPU
		{2DDAFC86-BDAE-44E7-A249-9ABA6B786880}.Release|Any CPU.ActiveCfg = Release|Any CPU
		{2DDAFC86-BDAE-44E7-A249-9ABA6B786880}.Release|Any CPU.Build.0 = Release|Any CPU
	EndGlobalSection
	GlobalSection(SolutionProperties) = preSolution
		HideSolutionNode = FALSE
	EndGlobalSection
	GlobalSection(ExtensibilityGlobals) = postSolution
		SolutionGuid = {E5FCBC9D-0067-4650-8433-5C84BE53AA2E}
	EndGlobalSection
EndGlobal
